// !$*UTF8*$!
{
	archiveVersion = 1;
	classes = {
	};
	objectVersion = 46;
	objects = {

/* Begin PBXBuildFile section */
		224CF14F18E97F9B00AA947C /* Foundation.framework in Frameworks */ = {isa = PBXBuildFile; fileRef = 224CF14E18E97F9B00AA947C /* Foundation.framework */; };
		224CF15118E97F9B00AA947C /* CoreGraphics.framework in Frameworks */ = {isa = PBXBuildFile; fileRef = 224CF15018E97F9B00AA947C /* CoreGraphics.framework */; };
		224CF15318E97F9B00AA947C /* UIKit.framework in Frameworks */ = {isa = PBXBuildFile; fileRef = 224CF15218E97F9B00AA947C /* UIKit.framework */; };
		224CF15918E97F9B00AA947C /* InfoPlist.strings in Resources */ = {isa = PBXBuildFile; fileRef = 224CF15718E97F9B00AA947C /* InfoPlist.strings */; };
		224CF15B18E97F9B00AA947C /* main.m in Sources */ = {isa = PBXBuildFile; fileRef = 224CF15A18E97F9B00AA947C /* main.m */; };
		224CF15F18E97F9C00AA947C /* Beyond2021AppDelegate.m in Sources */ = {isa = PBXBuildFile; fileRef = 224CF15E18E97F9C00AA947C /* Beyond2021AppDelegate.m */; };
		224CF16818E97F9C00AA947C /* Beyond2021WelcomeViewController.m in Sources */ = {isa = PBXBuildFile; fileRef = 224CF16718E97F9C00AA947C /* Beyond2021WelcomeViewController.m */; };
		224CF16A18E97F9C00AA947C /* Images.xcassets in Resources */ = {isa = PBXBuildFile; fileRef = 224CF16918E97F9C00AA947C /* Images.xcassets */; };
		224CF17118E97F9C00AA947C /* XCTest.framework in Frameworks */ = {isa = PBXBuildFile; fileRef = 224CF17018E97F9C00AA947C /* XCTest.framework */; };
		224CF17218E97F9C00AA947C /* Foundation.framework in Frameworks */ = {isa = PBXBuildFile; fileRef = 224CF14E18E97F9B00AA947C /* Foundation.framework */; };
		224CF17318E97F9C00AA947C /* UIKit.framework in Frameworks */ = {isa = PBXBuildFile; fileRef = 224CF15218E97F9B00AA947C /* UIKit.framework */; };
		224CF17B18E97F9C00AA947C /* InfoPlist.strings in Resources */ = {isa = PBXBuildFile; fileRef = 224CF17918E97F9C00AA947C /* InfoPlist.strings */; };
		224CF17D18E97F9C00AA947C /* Soho_WallTests.m in Sources */ = {isa = PBXBuildFile; fileRef = 224CF17C18E97F9C00AA947C /* Soho_WallTests.m */; };
		224CF18718E9801300AA947C /* Parse.framework in Frameworks */ = {isa = PBXBuildFile; fileRef = 224CF18618E9801300AA947C /* Parse.framework */; };
		224CF1A318E980C600AA947C /* Anywall.png in Resources */ = {isa = PBXBuildFile; fileRef = 224CF18A18E980C600AA947C /* Anywall.png */; };
		224CF1A418E980C600AA947C /* Anywall@2x.png in Resources */ = {isa = PBXBuildFile; fileRef = 224CF18B18E980C600AA947C /* Anywall@2x.png */; };
		224CF1A518E980C600AA947C /* bar.png in Resources */ = {isa = PBXBuildFile; fileRef = 224CF18C18E980C600AA947C /* bar.png */; };
		224CF1A618E980C600AA947C /* bar@2x.png in Resources */ = {isa = PBXBuildFile; fileRef = 224CF18D18E980C600AA947C /* bar@2x.png */; };
		224CF1A718E980C600AA947C /* blueBubble.png in Resources */ = {isa = PBXBuildFile; fileRef = 224CF18E18E980C600AA947C /* blueBubble.png */; };
		224CF1A818E980C600AA947C /* blueBubble@2x.png in Resources */ = {isa = PBXBuildFile; fileRef = 224CF18F18E980C600AA947C /* blueBubble@2x.png */; };
		224CF1A918E980C600AA947C /* Button.png in Resources */ = {isa = PBXBuildFile; fileRef = 224CF19018E980C600AA947C /* Button.png */; };
		224CF1AA18E980C600AA947C /* Button@2x.png in Resources */ = {isa = PBXBuildFile; fileRef = 224CF19118E980C600AA947C /* Button@2x.png */; };
		224CF1AB18E980C600AA947C /* grayBubble.png in Resources */ = {isa = PBXBuildFile; fileRef = 224CF19218E980C600AA947C /* grayBubble.png */; };
		224CF1AC18E980C600AA947C /* grayBubble@2x.png in Resources */ = {isa = PBXBuildFile; fileRef = 224CF19318E980C600AA947C /* grayBubble@2x.png */; };
		224CF1AD18E980C600AA947C /* home_bg@2x.png in Resources */ = {isa = PBXBuildFile; fileRef = 224CF19418E980C600AA947C /* home_bg@2x.png */; };
		224CF1AE18E980C600AA947C /* Icon-72.png in Resources */ = {isa = PBXBuildFile; fileRef = 224CF19518E980C600AA947C /* Icon-72.png */; };
		224CF1AF18E980C600AA947C /* Icon-Small-50.png in Resources */ = {isa = PBXBuildFile; fileRef = 224CF19618E980C600AA947C /* Icon-Small-50.png */; };
		224CF1B018E980C600AA947C /* Icon-Small.png in Resources */ = {isa = PBXBuildFile; fileRef = 224CF19718E980C600AA947C /* Icon-Small.png */; };
		224CF1B118E980C600AA947C /* Icon-Small@2x.png in Resources */ = {isa = PBXBuildFile; fileRef = 224CF19818E980C600AA947C /* Icon-Small@2x.png */; };
		224CF1B218E980C600AA947C /* Icon.png in Resources */ = {isa = PBXBuildFile; fileRef = 224CF19918E980C600AA947C /* Icon.png */; };
		224CF1B318E980C600AA947C /* Icon@2x.png in Resources */ = {isa = PBXBuildFile; fileRef = 224CF19A18E980C600AA947C /* Icon@2x.png */; };
		224CF1B418E980C600AA947C /* iTunesArtwork in Resources */ = {isa = PBXBuildFile; fileRef = 224CF19B18E980C600AA947C /* iTunesArtwork */; };
		224CF1B518E980C600AA947C /* just_background.png in Resources */ = {isa = PBXBuildFile; fileRef = 224CF19C18E980C600AA947C /* just_background.png */; };
		224CF1B618E980C600AA947C /* just_background@2x.png in Resources */ = {isa = PBXBuildFile; fileRef = 224CF19D18E980C600AA947C /* just_background@2x.png */; };
		224CF1B718E980C600AA947C /* Map.png in Resources */ = {isa = PBXBuildFile; fileRef = 224CF19E18E980C600AA947C /* Map.png */; };
		224CF1B818E980C600AA947C /* Map@2x.png in Resources */ = {isa = PBXBuildFile; fileRef = 224CF19F18E980C600AA947C /* Map@2x.png */; };
		224CF1B918E980C600AA947C /* Default.png in Resources */ = {isa = PBXBuildFile; fileRef = 224CF1A018E980C600AA947C /* Default.png */; };
		224CF1BA18E980C600AA947C /* Default@2x.png in Resources */ = {isa = PBXBuildFile; fileRef = 224CF1A118E980C600AA947C /* Default@2x.png */; };
		224CF1BB18E980C600AA947C /* Default-568h@2x.png in Resources */ = {isa = PBXBuildFile; fileRef = 224CF1A218E980C600AA947C /* Default-568h@2x.png */; };
		224CF1BD18E980FD00AA947C /* Soho_Real_Wall.jpg in Resources */ = {isa = PBXBuildFile; fileRef = 224CF1BC18E980FD00AA947C /* Soho_Real_Wall.jpg */; };
		224CF1BF18E981A500AA947C /* QuartzCore.framework in Frameworks */ = {isa = PBXBuildFile; fileRef = 224CF1BE18E981A500AA947C /* QuartzCore.framework */; };
		224CF1C118E981B900AA947C /* Security.framework in Frameworks */ = {isa = PBXBuildFile; fileRef = 224CF1C018E981B900AA947C /* Security.framework */; };
		224CF1C318E981F500AA947C /* libz.1.1.3.dylib in Frameworks */ = {isa = PBXBuildFile; fileRef = 224CF1C218E981F500AA947C /* libz.1.1.3.dylib */; };
		224CF1C518E9821000AA947C /* MobileCoreServices.framework in Frameworks */ = {isa = PBXBuildFile; fileRef = 224CF1C418E9821000AA947C /* MobileCoreServices.framework */; };
		224CF1C718E9822600AA947C /* SystemConfiguration.framework in Frameworks */ = {isa = PBXBuildFile; fileRef = 224CF1C618E9822600AA947C /* SystemConfiguration.framework */; };
		224CF1C918E9824000AA947C /* CFNetwork.framework in Frameworks */ = {isa = PBXBuildFile; fileRef = 224CF1C818E9824000AA947C /* CFNetwork.framework */; };
		224CF1CB18E9825200AA947C /* AudioToolbox.framework in Frameworks */ = {isa = PBXBuildFile; fileRef = 224CF1CA18E9825200AA947C /* AudioToolbox.framework */; };
		224CF1CD18E9826100AA947C /* CoreLocation.framework in Frameworks */ = {isa = PBXBuildFile; fileRef = 224CF1CC18E9826100AA947C /* CoreLocation.framework */; };
		224CF1CF18E9828300AA947C /* MapKit.framework in Frameworks */ = {isa = PBXBuildFile; fileRef = 224CF1CE18E9828200AA947C /* MapKit.framework */; };
		224CF1D118E98A8700AA947C /* Soho_NavBar.png in Resources */ = {isa = PBXBuildFile; fileRef = 224CF1D018E98A8700AA947C /* Soho_NavBar.png */; };
		224CF1D518E98EB000AA947C /* Beyond2021WallViewController.m in Sources */ = {isa = PBXBuildFile; fileRef = 224CF1D418E98EB000AA947C /* Beyond2021WallViewController.m */; };
		224CF1D718E9946600AA947C /* Main_iPhone.storyboard in Resources */ = {isa = PBXBuildFile; fileRef = 224CF16018E97F9C00AA947C /* Main_iPhone.storyboard */; };
		224CF1D818E9947B00AA947C /* Main_iPad.storyboard in Resources */ = {isa = PBXBuildFile; fileRef = 224CF16318E97F9C00AA947C /* Main_iPad.storyboard */; };
		224CF1DC18E9A0A500AA947C /* Buttons.m in Sources */ = {isa = PBXBuildFile; fileRef = 224CF1DB18E9A0A500AA947C /* Buttons.m */; };
/* End PBXBuildFile section */

/* Begin PBXContainerItemProxy section */
		224CF17418E97F9C00AA947C /* PBXContainerItemProxy */ = {
			isa = PBXContainerItemProxy;
			containerPortal = 224CF14318E97F9A00AA947C /* Project object */;
			proxyType = 1;
			remoteGlobalIDString = 224CF14A18E97F9B00AA947C;
			remoteInfo = "Soho Wall";
		};
/* End PBXContainerItemProxy section */

/* Begin PBXFileReference section */
		224CF14B18E97F9B00AA947C /* Soho Wall.app */ = {isa = PBXFileReference; explicitFileType = wrapper.application; includeInIndex = 0; path = "Soho Wall.app"; sourceTree = BUILT_PRODUCTS_DIR; };
		224CF14E18E97F9B00AA947C /* Foundation.framework */ = {isa = PBXFileReference; lastKnownFileType = wrapper.framework; name = Foundation.framework; path = System/Library/Frameworks/Foundation.framework; sourceTree = SDKROOT; };
		224CF15018E97F9B00AA947C /* CoreGraphics.framework */ = {isa = PBXFileReference; lastKnownFileType = wrapper.framework; name = CoreGraphics.framework; path = System/Library/Frameworks/CoreGraphics.framework; sourceTree = SDKROOT; };
		224CF15218E97F9B00AA947C /* UIKit.framework */ = {isa = PBXFileReference; lastKnownFileType = wrapper.framework; name = UIKit.framework; path = System/Library/Frameworks/UIKit.framework; sourceTree = SDKROOT; };
		224CF15618E97F9B00AA947C /* Soho Wall-Info.plist */ = {isa = PBXFileReference; lastKnownFileType = text.plist.xml; path = "Soho Wall-Info.plist"; sourceTree = "<group>"; };
		224CF15818E97F9B00AA947C /* en */ = {isa = PBXFileReference; lastKnownFileType = text.plist.strings; name = en; path = en.lproj/InfoPlist.strings; sourceTree = "<group>"; };
		224CF15A18E97F9B00AA947C /* main.m */ = {isa = PBXFileReference; lastKnownFileType = sourcecode.c.objc; path = main.m; sourceTree = "<group>"; };
		224CF15C18E97F9B00AA947C /* Soho Wall-Prefix.pch */ = {isa = PBXFileReference; lastKnownFileType = sourcecode.c.h; path = "Soho Wall-Prefix.pch"; sourceTree = "<group>"; };
		224CF15D18E97F9B00AA947C /* Beyond2021AppDelegate.h */ = {isa = PBXFileReference; lastKnownFileType = sourcecode.c.h; path = Beyond2021AppDelegate.h; sourceTree = "<group>"; };
		224CF15E18E97F9C00AA947C /* Beyond2021AppDelegate.m */ = {isa = PBXFileReference; lastKnownFileType = sourcecode.c.objc; path = Beyond2021AppDelegate.m; sourceTree = "<group>"; };
		224CF16118E97F9C00AA947C /* Base */ = {isa = PBXFileReference; lastKnownFileType = file.storyboard; name = Base; path = Base.lproj/Main_iPhone.storyboard; sourceTree = "<group>"; };
		224CF16418E97F9C00AA947C /* Base */ = {isa = PBXFileReference; lastKnownFileType = file.storyboard; name = Base; path = Base.lproj/Main_iPad.storyboard; sourceTree = "<group>"; };
		224CF16618E97F9C00AA947C /* Beyond2021WelcomeViewController.h */ = {isa = PBXFileReference; lastKnownFileType = sourcecode.c.h; path = Beyond2021WelcomeViewController.h; sourceTree = "<group>"; };
		224CF16718E97F9C00AA947C /* Beyond2021WelcomeViewController.m */ = {isa = PBXFileReference; lastKnownFileType = sourcecode.c.objc; path = Beyond2021WelcomeViewController.m; sourceTree = "<group>"; };
		224CF16918E97F9C00AA947C /* Images.xcassets */ = {isa = PBXFileReference; lastKnownFileType = folder.assetcatalog; path = Images.xcassets; sourceTree = "<group>"; };
		224CF16F18E97F9C00AA947C /* Soho WallTests.xctest */ = {isa = PBXFileReference; explicitFileType = wrapper.cfbundle; includeInIndex = 0; path = "Soho WallTests.xctest"; sourceTree = BUILT_PRODUCTS_DIR; };
		224CF17018E97F9C00AA947C /* XCTest.framework */ = {isa = PBXFileReference; lastKnownFileType = wrapper.framework; name = XCTest.framework; path = Library/Frameworks/XCTest.framework; sourceTree = DEVELOPER_DIR; };
		224CF17818E97F9C00AA947C /* Soho WallTests-Info.plist */ = {isa = PBXFileReference; lastKnownFileType = text.plist.xml; path = "Soho WallTests-Info.plist"; sourceTree = "<group>"; };
		224CF17A18E97F9C00AA947C /* en */ = {isa = PBXFileReference; lastKnownFileType = text.plist.strings; name = en; path = en.lproj/InfoPlist.strings; sourceTree = "<group>"; };
		224CF17C18E97F9C00AA947C /* Soho_WallTests.m */ = {isa = PBXFileReference; lastKnownFileType = sourcecode.c.objc; path = Soho_WallTests.m; sourceTree = "<group>"; };
		224CF18618E9801300AA947C /* Parse.framework */ = {isa = PBXFileReference; lastKnownFileType = wrapper.framework; path = Parse.framework; sourceTree = "<group>"; };
		224CF18A18E980C600AA947C /* Anywall.png */ = {isa = PBXFileReference; lastKnownFileType = image.png; path = Anywall.png; sourceTree = "<group>"; };
		224CF18B18E980C600AA947C /* Anywall@2x.png */ = {isa = PBXFileReference; lastKnownFileType = image.png; path = "Anywall@2x.png"; sourceTree = "<group>"; };
		224CF18C18E980C600AA947C /* bar.png */ = {isa = PBXFileReference; lastKnownFileType = image.png; path = bar.png; sourceTree = "<group>"; };
		224CF18D18E980C600AA947C /* bar@2x.png */ = {isa = PBXFileReference; lastKnownFileType = image.png; path = "bar@2x.png"; sourceTree = "<group>"; };
		224CF18E18E980C600AA947C /* blueBubble.png */ = {isa = PBXFileReference; lastKnownFileType = image.png; path = blueBubble.png; sourceTree = "<group>"; };
		224CF18F18E980C600AA947C /* blueBubble@2x.png */ = {isa = PBXFileReference; lastKnownFileType = image.png; path = "blueBubble@2x.png"; sourceTree = "<group>"; };
		224CF19018E980C600AA947C /* Button.png */ = {isa = PBXFileReference; lastKnownFileType = image.png; path = Button.png; sourceTree = "<group>"; };
		224CF19118E980C600AA947C /* Button@2x.png */ = {isa = PBXFileReference; lastKnownFileType = image.png; path = "Button@2x.png"; sourceTree = "<group>"; };
		224CF19218E980C600AA947C /* grayBubble.png */ = {isa = PBXFileReference; lastKnownFileType = image.png; path = grayBubble.png; sourceTree = "<group>"; };
		224CF19318E980C600AA947C /* grayBubble@2x.png */ = {isa = PBXFileReference; lastKnownFileType = image.png; path = "grayBubble@2x.png"; sourceTree = "<group>"; };
		224CF19418E980C600AA947C /* home_bg@2x.png */ = {isa = PBXFileReference; lastKnownFileType = image.png; path = "home_bg@2x.png"; sourceTree = "<group>"; };
		224CF19518E980C600AA947C /* Icon-72.png */ = {isa = PBXFileReference; lastKnownFileType = image.png; path = "Icon-72.png"; sourceTree = "<group>"; };
		224CF19618E980C600AA947C /* Icon-Small-50.png */ = {isa = PBXFileReference; lastKnownFileType = image.png; path = "Icon-Small-50.png"; sourceTree = "<group>"; };
		224CF19718E980C600AA947C /* Icon-Small.png */ = {isa = PBXFileReference; lastKnownFileType = image.png; path = "Icon-Small.png"; sourceTree = "<group>"; };
		224CF19818E980C600AA947C /* Icon-Small@2x.png */ = {isa = PBXFileReference; lastKnownFileType = image.png; path = "Icon-Small@2x.png"; sourceTree = "<group>"; };
		224CF19918E980C600AA947C /* Icon.png */ = {isa = PBXFileReference; lastKnownFileType = image.png; path = Icon.png; sourceTree = "<group>"; };
		224CF19A18E980C600AA947C /* Icon@2x.png */ = {isa = PBXFileReference; lastKnownFileType = image.png; path = "Icon@2x.png"; sourceTree = "<group>"; };
		224CF19B18E980C600AA947C /* iTunesArtwork */ = {isa = PBXFileReference; lastKnownFileType = file; path = iTunesArtwork; sourceTree = "<group>"; };
		224CF19C18E980C600AA947C /* just_background.png */ = {isa = PBXFileReference; lastKnownFileType = image.png; path = just_background.png; sourceTree = "<group>"; };
		224CF19D18E980C600AA947C /* just_background@2x.png */ = {isa = PBXFileReference; lastKnownFileType = image.png; path = "just_background@2x.png"; sourceTree = "<group>"; };
		224CF19E18E980C600AA947C /* Map.png */ = {isa = PBXFileReference; lastKnownFileType = image.png; path = Map.png; sourceTree = "<group>"; };
		224CF19F18E980C600AA947C /* Map@2x.png */ = {isa = PBXFileReference; lastKnownFileType = image.png; path = "Map@2x.png"; sourceTree = "<group>"; };
		224CF1A018E980C600AA947C /* Default.png */ = {isa = PBXFileReference; lastKnownFileType = image.png; path = Default.png; sourceTree = "<group>"; };
		224CF1A118E980C600AA947C /* Default@2x.png */ = {isa = PBXFileReference; lastKnownFileType = image.png; path = "Default@2x.png"; sourceTree = "<group>"; };
		224CF1A218E980C600AA947C /* Default-568h@2x.png */ = {isa = PBXFileReference; lastKnownFileType = image.png; path = "Default-568h@2x.png"; sourceTree = "<group>"; };
		224CF1BC18E980FD00AA947C /* Soho_Real_Wall.jpg */ = {isa = PBXFileReference; lastKnownFileType = image.jpeg; path = Soho_Real_Wall.jpg; sourceTree = "<group>"; };
		224CF1BE18E981A500AA947C /* QuartzCore.framework */ = {isa = PBXFileReference; lastKnownFileType = wrapper.framework; name = QuartzCore.framework; path = System/Library/Frameworks/QuartzCore.framework; sourceTree = SDKROOT; };
		224CF1C018E981B900AA947C /* Security.framework */ = {isa = PBXFileReference; lastKnownFileType = wrapper.framework; name = Security.framework; path = System/Library/Frameworks/Security.framework; sourceTree = SDKROOT; };
		224CF1C218E981F500AA947C /* libz.1.1.3.dylib */ = {isa = PBXFileReference; lastKnownFileType = "compiled.mach-o.dylib"; name = libz.1.1.3.dylib; path = usr/lib/libz.1.1.3.dylib; sourceTree = SDKROOT; };
		224CF1C418E9821000AA947C /* MobileCoreServices.framework */ = {isa = PBXFileReference; lastKnownFileType = wrapper.framework; name = MobileCoreServices.framework; path = System/Library/Frameworks/MobileCoreServices.framework; sourceTree = SDKROOT; };
		224CF1C618E9822600AA947C /* SystemConfiguration.framework */ = {isa = PBXFileReference; lastKnownFileType = wrapper.framework; name = SystemConfiguration.framework; path = System/Library/Frameworks/SystemConfiguration.framework; sourceTree = SDKROOT; };
		224CF1C818E9824000AA947C /* CFNetwork.framework */ = {isa = PBXFileReference; lastKnownFileType = wrapper.framework; name = CFNetwork.framework; path = System/Library/Frameworks/CFNetwork.framework; sourceTree = SDKROOT; };
		224CF1CA18E9825200AA947C /* AudioToolbox.framework */ = {isa = PBXFileReference; lastKnownFileType = wrapper.framework; name = AudioToolbox.framework; path = System/Library/Frameworks/AudioToolbox.framework; sourceTree = SDKROOT; };
		224CF1CC18E9826100AA947C /* CoreLocation.framework */ = {isa = PBXFileReference; lastKnownFileType = wrapper.framework; name = CoreLocation.framework; path = System/Library/Frameworks/CoreLocation.framework; sourceTree = SDKROOT; };
		224CF1CE18E9828200AA947C /* MapKit.framework */ = {isa = PBXFileReference; lastKnownFileType = wrapper.framework; name = MapKit.framework; path = System/Library/Frameworks/MapKit.framework; sourceTree = SDKROOT; };
		224CF1D018E98A8700AA947C /* Soho_NavBar.png */ = {isa = PBXFileReference; lastKnownFileType = image.png; path = Soho_NavBar.png; sourceTree = "<group>"; };
		224CF1D318E98EB000AA947C /* Beyond2021WallViewController.h */ = {isa = PBXFileReference; fileEncoding = 4; lastKnownFileType = sourcecode.c.h; path = Beyond2021WallViewController.h; sourceTree = "<group>"; };
		224CF1D418E98EB000AA947C /* Beyond2021WallViewController.m */ = {isa = PBXFileReference; fileEncoding = 4; lastKnownFileType = sourcecode.c.objc; path = Beyond2021WallViewController.m; sourceTree = "<group>"; };
		224CF1DA18E9A0A500AA947C /* Buttons.h */ = {isa = PBXFileReference; fileEncoding = 4; lastKnownFileType = sourcecode.c.h; path = Buttons.h; sourceTree = "<group>"; };
		224CF1DB18E9A0A500AA947C /* Buttons.m */ = {isa = PBXFileReference; fileEncoding = 4; lastKnownFileType = sourcecode.c.objc; path = Buttons.m; sourceTree = "<group>"; };
/* End PBXFileReference section */

/* Begin PBXFrameworksBuildPhase section */
		224CF14818E97F9B00AA947C /* Frameworks */ = {
			isa = PBXFrameworksBuildPhase;
			buildActionMask = 2147483647;
			files = (
				224CF15118E97F9B00AA947C /* CoreGraphics.framework in Frameworks */,
				224CF1CF18E9828300AA947C /* MapKit.framework in Frameworks */,
				224CF1CD18E9826100AA947C /* CoreLocation.framework in Frameworks */,
				224CF1CB18E9825200AA947C /* AudioToolbox.framework in Frameworks */,
				224CF1C918E9824000AA947C /* CFNetwork.framework in Frameworks */,
				224CF1C718E9822600AA947C /* SystemConfiguration.framework in Frameworks */,
				224CF1C518E9821000AA947C /* MobileCoreServices.framework in Frameworks */,
				224CF1C318E981F500AA947C /* libz.1.1.3.dylib in Frameworks */,
				224CF1C118E981B900AA947C /* Security.framework in Frameworks */,
				224CF1BF18E981A500AA947C /* QuartzCore.framework in Frameworks */,
				224CF15318E97F9B00AA947C /* UIKit.framework in Frameworks */,
				224CF18718E9801300AA947C /* Parse.framework in Frameworks */,
				224CF14F18E97F9B00AA947C /* Foundation.framework in Frameworks */,
			);
			runOnlyForDeploymentPostprocessing = 0;
		};
		224CF16C18E97F9C00AA947C /* Frameworks */ = {
			isa = PBXFrameworksBuildPhase;
			buildActionMask = 2147483647;
			files = (
				224CF17118E97F9C00AA947C /* XCTest.framework in Frameworks */,
				224CF17318E97F9C00AA947C /* UIKit.framework in Frameworks */,
				224CF17218E97F9C00AA947C /* Foundation.framework in Frameworks */,
			);
			runOnlyForDeploymentPostprocessing = 0;
		};
/* End PBXFrameworksBuildPhase section */

/* Begin PBXGroup section */
		224CF14218E97F9A00AA947C = {
			isa = PBXGroup;
			children = (
				224CF15418E97F9B00AA947C /* Soho Wall */,
				224CF17618E97F9C00AA947C /* Soho WallTests */,
				224CF14D18E97F9B00AA947C /* Frameworks */,
				224CF14C18E97F9B00AA947C /* Products */,
			);
			sourceTree = "<group>";
		};
		224CF14C18E97F9B00AA947C /* Products */ = {
			isa = PBXGroup;
			children = (
				224CF14B18E97F9B00AA947C /* Soho Wall.app */,
				224CF16F18E97F9C00AA947C /* Soho WallTests.xctest */,
			);
			name = Products;
			sourceTree = "<group>";
		};
		224CF14D18E97F9B00AA947C /* Frameworks */ = {
			isa = PBXGroup;
			children = (
				224CF1CE18E9828200AA947C /* MapKit.framework */,
				224CF1CC18E9826100AA947C /* CoreLocation.framework */,
				224CF1CA18E9825200AA947C /* AudioToolbox.framework */,
				224CF1C818E9824000AA947C /* CFNetwork.framework */,
				224CF1C618E9822600AA947C /* SystemConfiguration.framework */,
				224CF1C418E9821000AA947C /* MobileCoreServices.framework */,
				224CF1C218E981F500AA947C /* libz.1.1.3.dylib */,
				224CF1C018E981B900AA947C /* Security.framework */,
				224CF1BE18E981A500AA947C /* QuartzCore.framework */,
				224CF18618E9801300AA947C /* Parse.framework */,
				224CF14E18E97F9B00AA947C /* Foundation.framework */,
				224CF15018E97F9B00AA947C /* CoreGraphics.framework */,
				224CF15218E97F9B00AA947C /* UIKit.framework */,
				224CF17018E97F9C00AA947C /* XCTest.framework */,
			);
			name = Frameworks;
			sourceTree = "<group>";
		};
		224CF15418E97F9B00AA947C /* Soho Wall */ = {
			isa = PBXGroup;
			children = (
				224CF1D918E9A04700AA947C /* Buttons */,
				224CF1D218E98E6300AA947C /* View Controllers */,
				224CF18918E9808400AA947C /* Assets */,
				224CF18818E9803F00AA947C /* App Delegate */,
				224CF16018E97F9C00AA947C /* Main_iPhone.storyboard */,
				224CF16318E97F9C00AA947C /* Main_iPad.storyboard */,
				224CF16918E97F9C00AA947C /* Images.xcassets */,
				224CF15518E97F9B00AA947C /* Supporting Files */,
			);
			path = "Soho Wall";
			sourceTree = "<group>";
		};
		224CF15518E97F9B00AA947C /* Supporting Files */ = {
			isa = PBXGroup;
			children = (
				224CF15618E97F9B00AA947C /* Soho Wall-Info.plist */,
				224CF15718E97F9B00AA947C /* InfoPlist.strings */,
				224CF15A18E97F9B00AA947C /* main.m */,
				224CF15C18E97F9B00AA947C /* Soho Wall-Prefix.pch */,
			);
			name = "Supporting Files";
			sourceTree = "<group>";
		};
		224CF17618E97F9C00AA947C /* Soho WallTests */ = {
			isa = PBXGroup;
			children = (
				224CF17C18E97F9C00AA947C /* Soho_WallTests.m */,
				224CF17718E97F9C00AA947C /* Supporting Files */,
			);
			path = "Soho WallTests";
			sourceTree = "<group>";
		};
		224CF17718E97F9C00AA947C /* Supporting Files */ = {
			isa = PBXGroup;
			children = (
				224CF17818E97F9C00AA947C /* Soho WallTests-Info.plist */,
				224CF17918E97F9C00AA947C /* InfoPlist.strings */,
			);
			name = "Supporting Files";
			sourceTree = "<group>";
		};
		224CF18818E9803F00AA947C /* App Delegate */ = {
			isa = PBXGroup;
			children = (
				224CF15D18E97F9B00AA947C /* Beyond2021AppDelegate.h */,
				224CF15E18E97F9C00AA947C /* Beyond2021AppDelegate.m */,
			);
			name = "App Delegate";
			sourceTree = "<group>";
		};
		224CF18918E9808400AA947C /* Assets */ = {
			isa = PBXGroup;
			children = (
				224CF1D018E98A8700AA947C /* Soho_NavBar.png */,
				224CF1BC18E980FD00AA947C /* Soho_Real_Wall.jpg */,
				224CF18A18E980C600AA947C /* Anywall.png */,
				224CF18B18E980C600AA947C /* Anywall@2x.png */,
				224CF18C18E980C600AA947C /* bar.png */,
				224CF18D18E980C600AA947C /* bar@2x.png */,
				224CF18E18E980C600AA947C /* blueBubble.png */,
				224CF18F18E980C600AA947C /* blueBubble@2x.png */,
				224CF19018E980C600AA947C /* Button.png */,
				224CF19118E980C600AA947C /* Button@2x.png */,
				224CF19218E980C600AA947C /* grayBubble.png */,
				224CF19318E980C600AA947C /* grayBubble@2x.png */,
				224CF19418E980C600AA947C /* home_bg@2x.png */,
				224CF19518E980C600AA947C /* Icon-72.png */,
				224CF19618E980C600AA947C /* Icon-Small-50.png */,
				224CF19718E980C600AA947C /* Icon-Small.png */,
				224CF19818E980C600AA947C /* Icon-Small@2x.png */,
				224CF19918E980C600AA947C /* Icon.png */,
				224CF19A18E980C600AA947C /* Icon@2x.png */,
				224CF19B18E980C600AA947C /* iTunesArtwork */,
				224CF19C18E980C600AA947C /* just_background.png */,
				224CF19D18E980C600AA947C /* just_background@2x.png */,
				224CF19E18E980C600AA947C /* Map.png */,
				224CF19F18E980C600AA947C /* Map@2x.png */,
				224CF1A018E980C600AA947C /* Default.png */,
				224CF1A118E980C600AA947C /* Default@2x.png */,
				224CF1A218E980C600AA947C /* Default-568h@2x.png */,
			);
			name = Assets;
			sourceTree = "<group>";
		};
		224CF1D218E98E6300AA947C /* View Controllers */ = {
			isa = PBXGroup;
			children = (
				224CF16618E97F9C00AA947C /* Beyond2021WelcomeViewController.h */,
				224CF16718E97F9C00AA947C /* Beyond2021WelcomeViewController.m */,
				224CF1D318E98EB000AA947C /* Beyond2021WallViewController.h */,
				224CF1D418E98EB000AA947C /* Beyond2021WallViewController.m */,
			);
			name = "View Controllers";
			sourceTree = "<group>";
		};
		224CF1D918E9A04700AA947C /* Buttons */ = {
			isa = PBXGroup;
			children = (
				224CF1DA18E9A0A500AA947C /* Buttons.h */,
				224CF1DB18E9A0A500AA947C /* Buttons.m */,
			);
			name = Buttons;
			sourceTree = "<group>";
		};
/* End PBXGroup section */

/* Begin PBXNativeTarget section */
		224CF14A18E97F9B00AA947C /* Soho Wall */ = {
			isa = PBXNativeTarget;
			buildConfigurationList = 224CF18018E97F9C00AA947C /* Build configuration list for PBXNativeTarget "Soho Wall" */;
			buildPhases = (
				224CF14718E97F9B00AA947C /* Sources */,
				224CF14818E97F9B00AA947C /* Frameworks */,
				224CF14918E97F9B00AA947C /* Resources */,
			);
			buildRules = (
			);
			dependencies = (
			);
			name = "Soho Wall";
			productName = "Soho Wall";
			productReference = 224CF14B18E97F9B00AA947C /* Soho Wall.app */;
			productType = "com.apple.product-type.application";
		};
		224CF16E18E97F9C00AA947C /* Soho WallTests */ = {
			isa = PBXNativeTarget;
			buildConfigurationList = 224CF18318E97F9C00AA947C /* Build configuration list for PBXNativeTarget "Soho WallTests" */;
			buildPhases = (
				224CF16B18E97F9C00AA947C /* Sources */,
				224CF16C18E97F9C00AA947C /* Frameworks */,
				224CF16D18E97F9C00AA947C /* Resources */,
			);
			buildRules = (
			);
			dependencies = (
				224CF17518E97F9C00AA947C /* PBXTargetDependency */,
			);
			name = "Soho WallTests";
			productName = "Soho WallTests";
			productReference = 224CF16F18E97F9C00AA947C /* Soho WallTests.xctest */;
			productType = "com.apple.product-type.bundle.unit-test";
		};
/* End PBXNativeTarget section */

/* Begin PBXProject section */
		224CF14318E97F9A00AA947C /* Project object */ = {
			isa = PBXProject;
			attributes = {
				CLASSPREFIX = Beyond2021;
				LastUpgradeCheck = 0510;
				ORGANIZATIONNAME = "Beyond 2021";
				TargetAttributes = {
					224CF16E18E97F9C00AA947C = {
						TestTargetID = 224CF14A18E97F9B00AA947C;
					};
				};
			};
			buildConfigurationList = 224CF14618E97F9A00AA947C /* Build configuration list for PBXProject "Soho Wall" */;
			compatibilityVersion = "Xcode 3.2";
			developmentRegion = English;
			hasScannedForEncodings = 0;
			knownRegions = (
				en,
				Base,
			);
			mainGroup = 224CF14218E97F9A00AA947C;
			productRefGroup = 224CF14C18E97F9B00AA947C /* Products */;
			projectDirPath = "";
			projectRoot = "";
			targets = (
				224CF14A18E97F9B00AA947C /* Soho Wall */,
				224CF16E18E97F9C00AA947C /* Soho WallTests */,
			);
		};
/* End PBXProject section */

/* Begin PBXResourcesBuildPhase section */
		224CF14918E97F9B00AA947C /* Resources */ = {
			isa = PBXResourcesBuildPhase;
			buildActionMask = 2147483647;
			files = (
				224CF1D818E9947B00AA947C /* Main_iPad.storyboard in Resources */,
				224CF1D718E9946600AA947C /* Main_iPhone.storyboard in Resources */,
				224CF1A418E980C600AA947C /* Anywall@2x.png in Resources */,
				224CF1B118E980C600AA947C /* Icon-Small@2x.png in Resources */,
				224CF16A18E97F9C00AA947C /* Images.xcassets in Resources */,
				224CF1BD18E980FD00AA947C /* Soho_Real_Wall.jpg in Resources */,
				224CF1A718E980C600AA947C /* blueBubble.png in Resources */,
				224CF1BB18E980C600AA947C /* Default-568h@2x.png in Resources */,
				224CF1AC18E980C600AA947C /* grayBubble@2x.png in Resources */,
				224CF1B718E980C600AA947C /* Map.png in Resources */,
				224CF1AB18E980C600AA947C /* grayBubble.png in Resources */,
				224CF1B618E980C600AA947C /* just_background@2x.png in Resources */,
				224CF1B918E980C600AA947C /* Default.png in Resources */,
				224CF1A618E980C600AA947C /* bar@2x.png in Resources */,
				224CF1BA18E980C600AA947C /* Default@2x.png in Resources */,
				224CF1B018E980C600AA947C /* Icon-Small.png in Resources */,
				224CF1AA18E980C600AA947C /* Button@2x.png in Resources */,
				224CF1A918E980C600AA947C /* Button.png in Resources */,
				224CF1B218E980C600AA947C /* Icon.png in Resources */,
				224CF1B518E980C600AA947C /* just_background.png in Resources */,
				224CF1A518E980C600AA947C /* bar.png in Resources */,
				224CF1D118E98A8700AA947C /* Soho_NavBar.png in Resources */,
				224CF1AF18E980C600AA947C /* Icon-Small-50.png in Resources */,
				224CF1A318E980C600AA947C /* Anywall.png in Resources */,
				224CF1B818E980C600AA947C /* Map@2x.png in Resources */,
				224CF1B318E980C600AA947C /* Icon@2x.png in Resources */,
				224CF1B418E980C600AA947C /* iTunesArtwork in Resources */,
				224CF1A818E980C600AA947C /* blueBubble@2x.png in Resources */,
				224CF1AE18E980C600AA947C /* Icon-72.png in Resources */,
				224CF1AD18E980C600AA947C /* home_bg@2x.png in Resources */,
				224CF15918E97F9B00AA947C /* InfoPlist.strings in Resources */,
			);
			runOnlyForDeploymentPostprocessing = 0;
		};
		224CF16D18E97F9C00AA947C /* Resources */ = {
			isa = PBXResourcesBuildPhase;
			buildActionMask = 2147483647;
			files = (
				224CF17B18E97F9C00AA947C /* InfoPlist.strings in Resources */,
			);
			runOnlyForDeploymentPostprocessing = 0;
		};
/* End PBXResourcesBuildPhase section */

/* Begin PBXSourcesBuildPhase section */
		224CF14718E97F9B00AA947C /* Sources */ = {
			isa = PBXSourcesBuildPhase;
			buildActionMask = 2147483647;
			files = (
				224CF16818E97F9C00AA947C /* Beyond2021WelcomeViewController.m in Sources */,
				224CF15F18E97F9C00AA947C /* Beyond2021AppDelegate.m in Sources */,
				224CF1D518E98EB000AA947C /* Beyond2021WallViewController.m in Sources */,
				224CF15B18E97F9B00AA947C /* main.m in Sources */,
				224CF1DC18E9A0A500AA947C /* Buttons.m in Sources */,
			);
			runOnlyForDeploymentPostprocessing = 0;
		};
		224CF16B18E97F9C00AA947C /* Sources */ = {
			isa = PBXSourcesBuildPhase;
			buildActionMask = 2147483647;
			files = (
				224CF17D18E97F9C00AA947C /* Soho_WallTests.m in Sources */,
			);
			runOnlyForDeploymentPostprocessing = 0;
		};
/* End PBXSourcesBuildPhase section */

/* Begin PBXTargetDependency section */
		224CF17518E97F9C00AA947C /* PBXTargetDependency */ = {
			isa = PBXTargetDependency;
			target = 224CF14A18E97F9B00AA947C /* Soho Wall */;
			targetProxy = 224CF17418E97F9C00AA947C /* PBXContainerItemProxy */;
		};
/* End PBXTargetDependency section */

/* Begin PBXVariantGroup section */
		224CF15718E97F9B00AA947C /* InfoPlist.strings */ = {
			isa = PBXVariantGroup;
			children = (
				224CF15818E97F9B00AA947C /* en */,
			);
			name = InfoPlist.strings;
			sourceTree = "<group>";
		};
		224CF16018E97F9C00AA947C /* Main_iPhone.storyboard */ = {
			isa = PBXVariantGroup;
			children = (
				224CF16118E97F9C00AA947C /* Base */,
			);
			name = Main_iPhone.storyboard;
			sourceTree = "<group>";
		};
		224CF16318E97F9C00AA947C /* Main_iPad.storyboard */ = {
			isa = PBXVariantGroup;
			children = (
				224CF16418E97F9C00AA947C /* Base */,
			);
			name = Main_iPad.storyboard;
			sourceTree = "<group>";
		};
		224CF17918E97F9C00AA947C /* InfoPlist.strings */ = {
			isa = PBXVariantGroup;
			children = (
				224CF17A18E97F9C00AA947C /* en */,
			);
			name = InfoPlist.strings;
			sourceTree = "<group>";
		};
/* End PBXVariantGroup section */

/* Begin XCBuildConfiguration section */
		224CF17E18E97F9C00AA947C /* Debug */ = {
			isa = XCBuildConfiguration;
			buildSettings = {
				ALWAYS_SEARCH_USER_PATHS = NO;
				CLANG_CXX_LANGUAGE_STANDARD = "gnu++0x";
				CLANG_CXX_LIBRARY = "libc++";
				CLANG_ENABLE_MODULES = YES;
				CLANG_ENABLE_OBJC_ARC = YES;
				CLANG_WARN_BOOL_CONVERSION = YES;
				CLANG_WARN_CONSTANT_CONVERSION = YES;
				CLANG_WARN_DIRECT_OBJC_ISA_USAGE = YES_ERROR;
				CLANG_WARN_EMPTY_BODY = YES;
				CLANG_WARN_ENUM_CONVERSION = YES;
				CLANG_WARN_INT_CONVERSION = YES;
				CLANG_WARN_OBJC_ROOT_CLASS = YES_ERROR;
				CLANG_WARN__DUPLICATE_METHOD_MATCH = YES;
				"CODE_SIGN_IDENTITY[sdk=iphoneos*]" = "iPhone Developer";
				COPY_PHASE_STRIP = NO;
				GCC_C_LANGUAGE_STANDARD = gnu99;
				GCC_DYNAMIC_NO_PIC = NO;
				GCC_OPTIMIZATION_LEVEL = 0;
				GCC_PREPROCESSOR_DEFINITIONS = (
					"DEBUG=1",
					"$(inherited)",
				);
				GCC_SYMBOLS_PRIVATE_EXTERN = NO;
				GCC_WARN_64_TO_32_BIT_CONVERSION = YES;
				GCC_WARN_ABOUT_RETURN_TYPE = YES_ERROR;
				GCC_WARN_UNDECLARED_SELECTOR = YES;
				GCC_WARN_UNINITIALIZED_AUTOS = YES_AGGRESSIVE;
				GCC_WARN_UNUSED_FUNCTION = YES;
				GCC_WARN_UNUSED_VARIABLE = YES;
				IPHONEOS_DEPLOYMENT_TARGET = 7.1;
				ONLY_ACTIVE_ARCH = YES;
				SDKROOT = iphoneos;
				TARGETED_DEVICE_FAMILY = "1,2";
			};
			name = Debug;
		};
		224CF17F18E97F9C00AA947C /* Release */ = {
			isa = XCBuildConfiguration;
			buildSettings = {
				ALWAYS_SEARCH_USER_PATHS = NO;
				CLANG_CXX_LANGUAGE_STANDARD = "gnu++0x";
				CLANG_CXX_LIBRARY = "libc++";
				CLANG_ENABLE_MODULES = YES;
				CLANG_ENABLE_OBJC_ARC = YES;
				CLANG_WARN_BOOL_CONVERSION = YES;
				CLANG_WARN_CONSTANT_CONVERSION = YES;
				CLANG_WARN_DIRECT_OBJC_ISA_USAGE = YES_ERROR;
				CLANG_WARN_EMPTY_BODY = YES;
				CLANG_WARN_ENUM_CONVERSION = YES;
				CLANG_WARN_INT_CONVERSION = YES;
				CLANG_WARN_OBJC_ROOT_CLASS = YES_ERROR;
				CLANG_WARN__DUPLICATE_METHOD_MATCH = YES;
				"CODE_SIGN_IDENTITY[sdk=iphoneos*]" = "iPhone Developer";
				COPY_PHASE_STRIP = YES;
				ENABLE_NS_ASSERTIONS = NO;
				GCC_C_LANGUAGE_STANDARD = gnu99;
				GCC_WARN_64_TO_32_BIT_CONVERSION = YES;
				GCC_WARN_ABOUT_RETURN_TYPE = YES_ERROR;
				GCC_WARN_UNDECLARED_SELECTOR = YES;
				GCC_WARN_UNINITIALIZED_AUTOS = YES_AGGRESSIVE;
				GCC_WARN_UNUSED_FUNCTION = YES;
				GCC_WARN_UNUSED_VARIABLE = YES;
				IPHONEOS_DEPLOYMENT_TARGET = 7.1;
				SDKROOT = iphoneos;
				TARGETED_DEVICE_FAMILY = "1,2";
				VALIDATE_PRODUCT = YES;
			};
			name = Release;
		};
		224CF18118E97F9C00AA947C /* Debug */ = {
			isa = XCBuildConfiguration;
			buildSettings = {
				ASSETCATALOG_COMPILER_APPICON_NAME = AppIcon;
				ASSETCATALOG_COMPILER_LAUNCHIMAGE_NAME = LaunchImage;
				FRAMEWORK_SEARCH_PATHS = (
					"$(inherited)",
					"$(PROJECT_DIR)",
				);
				GCC_PRECOMPILE_PREFIX_HEADER = YES;
				GCC_PREFIX_HEADER = "Soho Wall/Soho Wall-Prefix.pch";
				INFOPLIST_FILE = "Soho Wall/Soho Wall-Info.plist";
				PRODUCT_NAME = "$(TARGET_NAME)";
				WRAPPER_EXTENSION = app;
			};
			name = Debug;
		};
		224CF18218E97F9C00AA947C /* Release */ = {
			isa = XCBuildConfiguration;
			buildSettings = {
				ASSETCATALOG_COMPILER_APPICON_NAME = AppIcon;
				ASSETCATALOG_COMPILER_LAUNCHIMAGE_NAME = LaunchImage;
				FRAMEWORK_SEARCH_PATHS = (
					"$(inherited)",
					"$(PROJECT_DIR)",
				);
				GCC_PRECOMPILE_PREFIX_HEADER = YES;
				GCC_PREFIX_HEADER = "Soho Wall/Soho Wall-Prefix.pch";
				INFOPLIST_FILE = "Soho Wall/Soho Wall-Info.plist";
				PRODUCT_NAME = "$(TARGET_NAME)";
				WRAPPER_EXTENSION = app;
			};
			name = Release;
		};
		224CF18418E97F9C00AA947C /* Debug */ = {
			isa = XCBuildConfiguration;
			buildSettings = {
				BUNDLE_LOADER = "$(BUILT_PRODUCTS_DIR)/Soho Wall.app/Soho Wall";
				FRAMEWORK_SEARCH_PATHS = (
					"$(SDKROOT)/Developer/Library/Frameworks",
					"$(inherited)",
					"$(DEVELOPER_FRAMEWORKS_DIR)",
				);
				GCC_PRECOMPILE_PREFIX_HEADER = YES;
				GCC_PREFIX_HEADER = "Soho Wall/Soho Wall-Prefix.pch";
				GCC_PREPROCESSOR_DEFINITIONS = (
					"DEBUG=1",
					"$(inherited)",
				);
				INFOPLIST_FILE = "Soho WallTests/Soho WallTests-Info.plist";
				PRODUCT_NAME = "$(TARGET_NAME)";
				TEST_HOST = "$(BUNDLE_LOADER)";
				WRAPPER_EXTENSION = xctest;
			};
			name = Debug;
		};
		224CF18518E97F9C00AA947C /* Release */ = {
			isa = XCBuildConfiguration;
			buildSettings = {
				BUNDLE_LOADER = "$(BUILT_PRODUCTS_DIR)/Soho Wall.app/Soho Wall";
				FRAMEWORK_SEARCH_PATHS = (
					"$(SDKROOT)/Developer/Library/Frameworks",
					"$(inherited)",
					"$(DEVELOPER_FRAMEWORKS_DIR)",
				);
				GCC_PRECOMPILE_PREFIX_HEADER = YES;
				GCC_PREFIX_HEADER = "Soho Wall/Soho Wall-Prefix.pch";
				INFOPLIST_FILE = "Soho WallTests/Soho WallTests-Info.plist";
				PRODUCT_NAME = "$(TARGET_NAME)";
				TEST_HOST = "$(BUNDLE_LOADER)";
				WRAPPER_EXTENSION = xctest;
			};
			name = Release;
		};
/* End XCBuildConfiguration section */

/* Begin XCConfigurationList section */
		224CF14618E97F9A00AA947C /* Build configuration list for PBXProject "Soho Wall" */ = {
			isa = XCConfigurationList;
			buildConfigurations = (
				224CF17E18E97F9C00AA947C /* Debug */,
				224CF17F18E97F9C00AA947C /* Release */,
			);
			defaultConfigurationIsVisible = 0;
			defaultConfigurationName = Release;
		};
		224CF18018E97F9C00AA947C /* Build configuration list for PBXNativeTarget "Soho Wall" */ = {
			isa = XCConfigurationList;
			buildConfigurations = (
				224CF18118E97F9C00AA947C /* Debug */,
				224CF18218E97F9C00AA947C /* Release */,
			);
			defaultConfigurationIsVisible = 0;
		};
		224CF18318E97F9C00AA947C /* Build configuration list for PBXNativeTarget "Soho WallTests" */ = {
			isa = XCConfigurationList;
			buildConfigurations = (
				224CF18418E97F9C00AA947C /* Debug */,
				224CF18518E97F9C00AA947C /* Release */,
			);
			defaultConfigurationIsVisible = 0;
		};
/* End XCConfigurationList section */
	};
	rootObject = 224CF14318E97F9A00AA947C /* Project object */;
}
